
Microsoft Visual Studio Solution File, Format Version 12.00
# Visual Studio Version 16
VisualStudioVersion = 16.0.32413.511
MinimumVisualStudioVersion = 10.0.40219.1
Project("{8BC9CEB8-8B4A-11D0-8D11-00A0C91BC942}") = "DecodePrepare", "DecodePrepare.vcxproj", "{D3F8CE89-3EB7-44C2-885C-B22A5362DDDD}"
EndProject
Global
	GlobalSection(SolutionConfigurationPlatforms) = preSolution
		Debug|x64 = Debug|x64
		Debug|x86 = Debug|x86
		Release|x64 = Release|x64
		Release|x86 = Release|x86
	EndGlobalSection
	GlobalSection(ProjectConfigurationPlatforms) = postSolution
		{D3F8CE89-3EB7-44C2-885C-B22A5362DDDD}.Debug|x64.ActiveCfg = Debug|x64
		{D3F8CE89-3EB7-44C2-885C-B22A5362DDDD}.Debug|x64.Build.0 = Debug|x64
		{D3F8CE89-3EB7-44C2-885C-B22A5362DDDD}.Debug|x86.ActiveCfg = Debug|Win32
		{D3F8CE89-3EB7-44C2-885C-B22A5362DDDD}.Debug|x86.Build.0 = Debug|Win32
		{D3F8CE89-3EB7-44C2-885C-B22A5362DDDD}.Release|x64.ActiveCfg = Release|x64
		{D3F8CE89-3EB7-44C2-885C-B22A5362DDDD}.Release|x64.Build.0 = Release|x64
		{D3F8CE89-3EB7-44C2-885C-B22A5362DDDD}.Release|x86.ActiveCfg = Release|Win32
		{D3F8CE89-3EB7-44C2-885C-B22A5362DDDD}.Release|x86.Build.0 = Release|Win32
	EndGlobalSection
	GlobalSection(SolutionProperties) = preSolution
		HideSolutionNode = FALSE
	EndGlobalSection
	GlobalSection(ExtensibilityGlobals) = postSolution
		SolutionGuid = {051D6489-2665-4A5B-84C3-0DE5A7BF0F46}
	EndGlobalSection
EndGlobal
